version = 1
requires-python = ">=3.10"

[manifest]
members = [
    "p1",
    "uv-workspaces",
]

[[package]]
name = "p1"
version = "0.1.0"
source = { virtual = "packages/p1" }

[[package]]
name = "uv-workspaces"
version = "0.1.0"
source = { virtual = "." }
dependencies = [
    { name = "p1" },
]

[package.metadata]
requires-dist = [{ name = "p1", virtual = "packages/p1" }]
